# THIS IS AN AUTOGENERATED FILE. DO NOT EDIT THIS FILE DIRECTLY.
# yarn lockfile v1


"@sentry/browser@^7.28.1":
  version "7.28.1"
  resolved "https://registry.yarnpkg.com/@sentry/browser/-/browser-7.28.1.tgz#c8086e26079809aa401a05d9b4a6e4df63a9c965"
  integrity sha512-N8j93IcrWKWorfJ5D+RSKVAvcR4S5tIcZ/HvFPMrQWnfVa/jtJcrKThdjZYteA0wjmPiy8/D3KA8nB91yulBPA==
  dependencies:
    "@sentry/core" "7.28.1"
    "@sentry/replay" "7.28.1"
    "@sentry/types" "7.28.1"
    "@sentry/utils" "7.28.1"
    tslib "^1.9.3"

"@sentry/core@7.28.1":
  version "7.28.1"
  resolved "https://registry.yarnpkg.com/@sentry/core/-/core-7.28.1.tgz#c712ce17469b18b01606108817be24a99ed2116e"
  integrity sha512-7wvnuvn/mrAfcugWoCG/3pqDIrUgH5t+HisMJMGw0h9Tc33KqrmqMDCQVvjlrr2pWrw/vuUCFdm8CbUHJ832oQ==
  dependencies:
    "@sentry/types" "7.28.1"
    "@sentry/utils" "7.28.1"
    tslib "^1.9.3"

"@sentry/integrations@^7.28.1":
  version "7.28.1"
  resolved "https://registry.yarnpkg.com/@sentry/integrations/-/integrations-7.28.1.tgz#f0cba627b9ed03f1a54d91385126019f332a575d"
  integrity sha512-opeXVR1L9mZmZcpAs9kX+4JPY7pXhVupy17Sbz+43zd5CshYTveIcttGNPp+EPT3j7mMU+1TMAYZspKqJXtEBQ==
  dependencies:
    "@sentry/types" "7.28.1"
    "@sentry/utils" "7.28.1"
    localforage "^1.8.1"
    tslib "^1.9.3"

"@sentry/replay@7.28.1":
  version "7.28.1"
  resolved "https://registry.yarnpkg.com/@sentry/replay/-/replay-7.28.1.tgz#fbdd377923e082423b95e3f128cb9af9451aca70"
  integrity sha512-Os0PzMjKlwtHwzTU0kfVzGzsi4Vaj3g2arCl4Qnr3b6kYTb9WOFZo/n/v56ss7Z+nZG3K8W5PisoD4MRsRJRig==
  dependencies:
    "@sentry/core" "7.28.1"
    "@sentry/types" "7.28.1"
    "@sentry/utils" "7.28.1"

"@sentry/tracing@^7.28.1":
  version "7.28.1"
  resolved "https://registry.yarnpkg.com/@sentry/tracing/-/tracing-7.28.1.tgz#d276e4d17a79190a88112696c73de12c209607a1"
  integrity sha512-uWspnuz+7FyW8ES5lRaVA7O/YJSzMlSkvBFtgzaoKmdaueokU/sRLwlCsrdgwavG1wpm79df7R1iiSeqhaXDlw==
  dependencies:
    "@sentry/core" "7.28.1"
    "@sentry/types" "7.28.1"
    "@sentry/utils" "7.28.1"
    tslib "^1.9.3"

"@sentry/types@7.28.1":
  version "7.28.1"
  resolved "https://registry.yarnpkg.com/@sentry/types/-/types-7.28.1.tgz#9018b4c152b475de9bedd267237393d3c9b1253d"
  integrity sha512-DvSplMVrVEmOzR2M161V5+B8Up3vR71xMqJOpWTzE9TqtFJRGPtqT/5OBsNJJw1+/j2ssMcnKwbEo9Q2EGeS6g==

"@sentry/utils@7.28.1":
  version "7.28.1"
  resolved "https://registry.yarnpkg.com/@sentry/utils/-/utils-7.28.1.tgz#0a7b6aa4b09e91e4d1aded2a8c8dbaf818cee96e"
  integrity sha512-75/jzLUO9HH09iC9TslNimGbxOP3jgn89P+q7uR+rp2fJfRExHVeKJZQdK0Ij4/SmE7TJ3Uh2r154N0INZEx1g==
  dependencies:
    "@sentry/types" "7.28.1"
    tslib "^1.9.3"

immediate@~3.0.5:
  version "3.0.6"
  resolved "https://registry.yarnpkg.com/immediate/-/immediate-3.0.6.tgz#9db1dbd0faf8de6fbe0f5dd5e56bb606280de69b"
  integrity sha512-XXOFtyqDjNDAQxVfYxuF7g9Il/IbWmmlQg2MYKOH8ExIT1qg6xc4zyS3HaEEATgs1btfzxq15ciUiY7gjSXRGQ==

lie@3.1.1:
  version "3.1.1"
  resolved "https://registry.yarnpkg.com/lie/-/lie-3.1.1.tgz#9a436b2cc7746ca59de7a41fa469b3efb76bd87e"
  integrity sha512-RiNhHysUjhrDQntfYSfY4MU24coXXdEOgw9WGcKHNeEwffDYbF//u87M1EWaMGzuFoSbqW0C9C6lEEhDOAswfw==
  dependencies:
    immediate "~3.0.5"

localforage@^1.8.1:
  version "1.10.0"
  resolved "https://registry.yarnpkg.com/localforage/-/localforage-1.10.0.tgz#5c465dc5f62b2807c3a84c0c6a1b1b3212781dd4"
  integrity sha512-14/H1aX7hzBBmmh7sGPd+AOMkkIrHM3Z1PAyGgZigA1H1p5O5ANnMyWzvpAETtG68/dC4pC0ncy3+PPGzXZHPg==
  dependencies:
    lie "3.1.1"

tslib@^1.9.3:
  version "1.14.1"
  resolved "https://registry.yarnpkg.com/tslib/-/tslib-1.14.1.tgz#cf2d38bdc34a134bcaf1091c41f6619e2f672d00"
  integrity sha512-Xni35NKzjgMrwevysHTCArtLDpPvye8zV/0E4EyYn43P7/7qvQwPh9BGkHewbMulVntbigmcT7rdX3BNo9wRJg==
